
Microsoft Visual Studio Solution File, Format Version 12.00
# Visual Studio 2013
VisualStudioVersion = 12.0.31101.0
MinimumVisualStudioVersion = 10.0.40219.1
Project("{FAE04EC0-301F-11D3-BF4B-00C04F79EFBC}") = "Canvas.v1", "Canvas.v1\Canvas.v1.csproj", "{6D57E3EF-F5B0-46FA-A023-D4EAD9791A68}"
EndProject
Project("{FAE04EC0-301F-11D3-BF4B-00C04F79EFBC}") = "Canvas.v1.Test", "Canvas.v1.Test\Canvas.v1.Test.csproj", "{32E84B46-5DD5-4EEA-9476-E7E382B10D05}"
EndProject
Project("{FAE04EC0-301F-11D3-BF4B-00C04F79EFBC}") = "Canvas.v1.Test.Integration", "Canvas.v1.Test.Integration\Canvas.v1.Test.Integration.csproj", "{16613125-A3D8-48CA-8130-490BB712BEEE}"
EndProject
Project("{2150E333-8FDC-42A3-9474-1A3956D46DE8}") = ".nuget", ".nuget", "{A2462C40-EF79-434A-9DAF-9BA051C3459A}"
	ProjectSection(SolutionItems) = preProject
		.nuget\NuGet.Config = .nuget\NuGet.Config
		.nuget\NuGet.exe = .nuget\NuGet.exe
		.nuget\NuGet.targets = .nuget\NuGet.targets
	EndProjectSection
EndProject
Project("{FAE04EC0-301F-11D3-BF4B-00C04F79EFBC}") = "ClassLibrary1", "ClassLibrary1\ClassLibrary1.csproj", "{B0064785-38F9-4FC7-A9A9-33DA04383CE9}"
EndProject
Global
	GlobalSection(SolutionConfigurationPlatforms) = preSolution
		Debug|Any CPU = Debug|Any CPU
		Release|Any CPU = Release|Any CPU
	EndGlobalSection
	GlobalSection(ProjectConfigurationPlatforms) = postSolution
		{6D57E3EF-F5B0-46FA-A023-D4EAD9791A68}.Debug|Any CPU.ActiveCfg = Debug|Any CPU
		{6D57E3EF-F5B0-46FA-A023-D4EAD9791A68}.Debug|Any CPU.Build.0 = Debug|Any CPU
		{6D57E3EF-F5B0-46FA-A023-D4EAD9791A68}.Release|Any CPU.ActiveCfg = Release|Any CPU
		{6D57E3EF-F5B0-46FA-A023-D4EAD9791A68}.Release|Any CPU.Build.0 = Release|Any CPU
		{32E84B46-5DD5-4EEA-9476-E7E382B10D05}.Debug|Any CPU.ActiveCfg = Debug|Any CPU
		{32E84B46-5DD5-4EEA-9476-E7E382B10D05}.Debug|Any CPU.Build.0 = Debug|Any CPU
		{32E84B46-5DD5-4EEA-9476-E7E382B10D05}.Release|Any CPU.ActiveCfg = Release|Any CPU
		{32E84B46-5DD5-4EEA-9476-E7E382B10D05}.Release|Any CPU.Build.0 = Release|Any CPU
		{16613125-A3D8-48CA-8130-490BB712BEEE}.Debug|Any CPU.ActiveCfg = Debug|Any CPU
		{16613125-A3D8-48CA-8130-490BB712BEEE}.Debug|Any CPU.Build.0 = Debug|Any CPU
		{16613125-A3D8-48CA-8130-490BB712BEEE}.Release|Any CPU.ActiveCfg = Release|Any CPU
		{16613125-A3D8-48CA-8130-490BB712BEEE}.Release|Any CPU.Build.0 = Release|Any CPU
		{B0064785-38F9-4FC7-A9A9-33DA04383CE9}.Debug|Any CPU.ActiveCfg = Debug|Any CPU
		{B0064785-38F9-4FC7-A9A9-33DA04383CE9}.Debug|Any CPU.Build.0 = Debug|Any CPU
		{B0064785-38F9-4FC7-A9A9-33DA04383CE9}.Release|Any CPU.ActiveCfg = Release|Any CPU
		{B0064785-38F9-4FC7-A9A9-33DA04383CE9}.Release|Any CPU.Build.0 = Release|Any CPU
	EndGlobalSection
	GlobalSection(SolutionProperties) = preSolution
		HideSolutionNode = FALSE
	EndGlobalSection
EndGlobal
